// !$*UTF8*$!
{
	archiveVersion = 1;
	classes = {
	};
	objectVersion = 50;
	objects = {

/* Begin PBXBuildFile section */
		5CDE6C0424BCA35900466C6F /* AppDelegate.swift in Sources */ = {isa = PBXBuildFile; fileRef = 5CDE6C0324BCA35900466C6F /* AppDelegate.swift */; };
		5CDE6C0624BCA35900466C6F /* SceneDelegate.swift in Sources */ = {isa = PBXBuildFile; fileRef = 5CDE6C0524BCA35900466C6F /* SceneDelegate.swift */; };
		5CDE6C0824BCA35900466C6F /* ViewController.swift in Sources */ = {isa = PBXBuildFile; fileRef = 5CDE6C0724BCA35900466C6F /* ViewController.swift */; };
		5CDE6C0B24BCA35900466C6F /* Main.storyboard in Resources */ = {isa = PBXBuildFile; fileRef = 5CDE6C0924BCA35900466C6F /* Main.storyboard */; };
		5CDE6C0E24BCA35900466C6F /* To_Do_List_Project.xcdatamodeld in Sources */ = {isa = PBXBuildFile; fileRef = 5CDE6C0C24BCA35900466C6F /* To_Do_List_Project.xcdatamodeld */; };
		5CDE6C1024BCA35C00466C6F /* Assets.xcassets in Resources */ = {isa = PBXBuildFile; fileRef = 5CDE6C0F24BCA35C00466C6F /* Assets.xcassets */; };
		5CDE6C1324BCA35C00466C6F /* LaunchScreen.storyboard in Resources */ = {isa = PBXBuildFile; fileRef = 5CDE6C1124BCA35C00466C6F /* LaunchScreen.storyboard */; };
/* End PBXBuildFile section */

/* Begin PBXFileReference section */
		5CDE6C0024BCA35900466C6F /* To Do List Project.app */ = {isa = PBXFileReference; explicitFileType = wrapper.application; includeInIndex = 0; path = "To Do List Project.app"; sourceTree = BUILT_PRODUCTS_DIR; };
		5CDE6C0324BCA35900466C6F /* AppDelegate.swift */ = {isa = PBXFileReference; lastKnownFileType = sourcecode.swift; path = AppDelegate.swift; sourceTree = "<group>"; };
		5CDE6C0524BCA35900466C6F /* SceneDelegate.swift */ = {isa = PBXFileReference; lastKnownFileType = sourcecode.swift; path = SceneDelegate.swift; sourceTree = "<group>"; };
		5CDE6C0724BCA35900466C6F /* ViewController.swift */ = {isa = PBXFileReference; lastKnownFileType = sourcecode.swift; path = ViewController.swift; sourceTree = "<group>"; };
		5CDE6C0A24BCA35900466C6F /* Base */ = {isa = PBXFileReference; lastKnownFileType = file.storyboard; name = Base; path = Base.lproj/Main.storyboard; sourceTree = "<group>"; };
		5CDE6C0D24BCA35900466C6F /* To_Do_List_Project.xcdatamodel */ = {isa = PBXFileReference; lastKnownFileType = wrapper.xcdatamodel; path = To_Do_List_Project.xcdatamodel; sourceTree = "<group>"; };
		5CDE6C0F24BCA35C00466C6F /* Assets.xcassets */ = {isa = PBXFileReference; lastKnownFileType = folder.assetcatalog; path = Assets.xcassets; sourceTree = "<group>"; };
		5CDE6C1224BCA35C00466C6F /* Base */ = {isa = PBXFileReference; lastKnownFileType = file.storyboard; name = Base; path = Base.lproj/LaunchScreen.storyboard; sourceTree = "<group>"; };
		5CDE6C1424BCA35C00466C6F /* Info.plist */ = {isa = PBXFileReference; lastKnownFileType = text.plist.xml; path = Info.plist; sourceTree = "<group>"; };
/* End PBXFileReference section */

/* Begin PBXFrameworksBuildPhase section */
		5CDE6BFD24BCA35900466C6F /* Frameworks */ = {
			isa = PBXFrameworksBuildPhase;
			buildActionMask = 2147483647;
			files = (
			);
			runOnlyForDeploymentPostprocessing = 0;
		};
/* End PBXFrameworksBuildPhase section */

/* Begin PBXGroup section */
		5CDE6BF724BCA35900466C6F = {
			isa = PBXGroup;
			children = (
				5CDE6C0224BCA35900466C6F /* To Do List Project */,
				5CDE6C0124BCA35900466C6F /* Products */,
			);
			sourceTree = "<group>";
		};
		5CDE6C0124BCA35900466C6F /* Products */ = {
			isa = PBXGroup;
			children = (
				5CDE6C0024BCA35900466C6F /* To Do List Project.app */,
			);
			name = Products;
			sourceTree = "<group>";
		};
		5CDE6C0224BCA35900466C6F /* To Do List Project */ = {
			isa = PBXGroup;
			children = (
				5CDE6C0324BCA35900466C6F /* AppDelegate.swift */,
				5CDE6C0524BCA35900466C6F /* SceneDelegate.swift */,
				5CDE6C0724BCA35900466C6F /* ViewController.swift */,
				5CDE6C0924BCA35900466C6F /* Main.storyboard */,
				5CDE6C0F24BCA35C00466C6F /* Assets.xcassets */,
				5CDE6C1124BCA35C00466C6F /* LaunchScreen.storyboard */,
				5CDE6C1424BCA35C00466C6F /* Info.plist */,
				5CDE6C0C24BCA35900466C6F /* To_Do_List_Project.xcdatamodeld */,
			);
			path = "To Do List Project";
			sourceTree = "<group>";
		};
/* End PBXGroup section */

/* Begin PBXNativeTarget section */
		5CDE6BFF24BCA35900466C6F /* To Do List Project */ = {
			isa = PBXNativeTarget;
			buildConfigurationList = 5CDE6C1724BCA35C00466C6F /* Build configuration list for PBXNativeTarget "To Do List Project" */;
			buildPhases = (
				5CDE6BFC24BCA35900466C6F /* Sources */,
				5CDE6BFD24BCA35900466C6F /* Frameworks */,
				5CDE6BFE24BCA35900466C6F /* Resources */,
			);
			buildRules = (
			);
			dependencies = (
			);
			name = "To Do List Project";
			productName = "To Do List Project";
			productReference = 5CDE6C0024BCA35900466C6F /* To Do List Project.app */;
			productType = "com.apple.product-type.application";
		};
/* End PBXNativeTarget section */

/* Begin PBXProject section */
		5CDE6BF824BCA35900466C6F /* Project object */ = {
			isa = PBXProject;
			attributes = {
				LastSwiftUpdateCheck = 1150;
				LastUpgradeCheck = 1150;
				ORGANIZATIONNAME = "Janelle Tengco";
				TargetAttributes = {
					5CDE6BFF24BCA35900466C6F = {
						CreatedOnToolsVersion = 11.5;
					};
				};
			};
			buildConfigurationList = 5CDE6BFB24BCA35900466C6F /* Build configuration list for PBXProject "To Do List Project" */;
			compatibilityVersion = "Xcode 9.3";
			developmentRegion = en;
			hasScannedForEncodings = 0;
			knownRegions = (
				en,
				Base,
			);
			mainGroup = 5CDE6BF724BCA35900466C6F;
			productRefGroup = 5CDE6C0124BCA35900466C6F /* Products */;
			projectDirPath = "";
			projectRoot = "";
			targets = (
				5CDE6BFF24BCA35900466C6F /* To Do List Project */,
			);
		};
/* End PBXProject section */

/* Begin PBXResourcesBuildPhase section */
		5CDE6BFE24BCA35900466C6F /* Resources */ = {
			isa = PBXResourcesBuildPhase;
			buildActionMask = 2147483647;
			files = (
				5CDE6C1324BCA35C00466C6F /* LaunchScreen.storyboard in Resources */,
				5CDE6C1024BCA35C00466C6F /* Assets.xcassets in Resources */,
				5CDE6C0B24BCA35900466C6F /* Main.storyboard in Resources */,
			);
			runOnlyForDeploymentPostprocessing = 0;
		};
/* End PBXResourcesBuildPhase section */

/* Begin PBXSourcesBuildPhase section */
		5CDE6BFC24BCA35900466C6F /* Sources */ = {
			isa = PBXSourcesBuildPhase;
			buildActionMask = 2147483647;
			files = (
				5CDE6C0824BCA35900466C6F /* ViewController.swift in Sources */,
				5CDE6C0E24BCA35900466C6F /* To_Do_List_Project.xcdatamodeld in Sources */,
				5CDE6C0424BCA35900466C6F /* AppDelegate.swift in Sources */,
				5CDE6C0624BCA35900466C6F /* SceneDelegate.swift in Sources */,
			);
			runOnlyForDeploymentPostprocessing = 0;
		};
/* End PBXSourcesBuildPhase section */

/* Begin PBXVariantGroup section */
		5CDE6C0924BCA35900466C6F /* Main.storyboard */ = {
			isa = PBXVariantGroup;
			children = (
				5CDE6C0A24BCA35900466C6F /* Base */,
			);
			name = Main.storyboard;
			sourceTree = "<group>";
		};
		5CDE6C1124BCA35C00466C6F /* LaunchScreen.storyboard */ = {
			isa = PBXVariantGroup;
			children = (
				5CDE6C1224BCA35C00466C6F /* Base */,
			);
			name = LaunchScreen.storyboard;
			sourceTree = "<group>";
		};
/* End PBXVariantGroup section */

/* Begin XCBuildConfiguration section */
		5CDE6C1524BCA35C00466C6F /* Debug */ = {
			isa = XCBuildConfiguration;
			buildSettings = {
				ALWAYS_SEARCH_USER_PATHS = NO;
				CLANG_ANALYZER_NONNULL = YES;
				CLANG_ANALYZER_NUMBER_OBJECT_CONVERSION = YES_AGGRESSIVE;
				CLANG_CXX_LANGUAGE_STANDARD = "gnu++14";
				CLANG_CXX_LIBRARY = "libc++";
				CLANG_ENABLE_MODULES = YES;
				CLANG_ENABLE_OBJC_ARC = YES;
				CLANG_ENABLE_OBJC_WEAK = YES;
				CLANG_WARN_BLOCK_CAPTURE_AUTORELEASING = YES;
				CLANG_WARN_BOOL_CONVERSION = YES;
				CLANG_WARN_COMMA = YES;
				CLANG_WARN_CONSTANT_CONVERSION = YES;
				CLANG_WARN_DEPRECATED_OBJC_IMPLEMENTATIONS = YES;
				CLANG_WARN_DIRECT_OBJC_ISA_USAGE = YES_ERROR;
				CLANG_WARN_DOCUMENTATION_COMMENTS = YES;
				CLANG_WARN_EMPTY_BODY = YES;
				CLANG_WARN_ENUM_CONVERSION = YES;
				CLANG_WARN_INFINITE_RECURSION = YES;
				CLANG_WARN_INT_CONVERSION = YES;
				CLANG_WARN_NON_LITERAL_NULL_CONVERSION = YES;
				CLANG_WARN_OBJC_IMPLICIT_RETAIN_SELF = YES;
				CLANG_WARN_OBJC_LITERAL_CONVERSION = YES;
				CLANG_WARN_OBJC_ROOT_CLASS = YES_ERROR;
				CLANG_WARN_RANGE_LOOP_ANALYSIS = YES;
				CLANG_WARN_STRICT_PROTOTYPES = YES;
				CLANG_WARN_SUSPICIOUS_MOVE = YES;
				CLANG_WARN_UNGUARDED_AVAILABILITY = YES_AGGRESSIVE;
				CLANG_WARN_UNREACHABLE_CODE = YES;
				CLANG_WARN__DUPLICATE_METHOD_MATCH = YES;
				COPY_PHASE_STRIP = NO;
				DEBUG_INFORMATION_FORMAT = dwarf;
				ENABLE_STRICT_OBJC_MSGSEND = YES;
				ENABLE_TESTABILITY = YES;
				GCC_C_LANGUAGE_STANDARD = gnu11;
				GCC_DYNAMIC_NO_PIC = NO;
				GCC_NO_COMMON_BLOCKS = YES;
				GCC_OPTIMIZATION_LEVEL = 0;
				GCC_PREPROCESSOR_DEFINITIONS = (
					"DEBUG=1",
					"$(inherited)",
				);
				GCC_WARN_64_TO_32_BIT_CONVERSION = YES;
				GCC_WARN_ABOUT_RETURN_TYPE = YES_ERROR;
				GCC_WARN_UNDECLARED_SELECTOR = YES;
				GCC_WARN_UNINITIALIZED_AUTOS = YES_AGGRESSIVE;
				GCC_WARN_UNUSED_FUNCTION = YES;
				GCC_WARN_UNUSED_VARIABLE = YES;
				IPHONEOS_DEPLOYMENT_TARGET = 13.5;
				MTL_ENABLE_DEBUG_INFO = INCLUDE_SOURCE;
				MTL_FAST_MATH = YES;
				ONLY_ACTIVE_ARCH = YES;
				SDKROOT = iphoneos;
				SWIFT_ACTIVE_COMPILATION_CONDITIONS = DEBUG;
				SWIFT_OPTIMIZATION_LEVEL = "-Onone";
			};
			name = Debug;
		};
		5CDE6C1624BCA35C00466C6F /* Release */ = {
			isa = XCBuildConfiguration;
			buildSettings = {
				ALWAYS_SEARCH_USER_PATHS = NO;
				CLANG_ANALYZER_NONNULL = YES;
				CLANG_ANALYZER_NUMBER_OBJECT_CONVERSION = YES_AGGRESSIVE;
				CLANG_CXX_LANGUAGE_STANDARD = "gnu++14";
				CLANG_CXX_LIBRARY = "libc++";
				CLANG_ENABLE_MODULES = YES;
				CLANG_ENABLE_OBJC_ARC = YES;
				CLANG_ENABLE_OBJC_WEAK = YES;
				CLANG_WARN_BLOCK_CAPTURE_AUTORELEASING = YES;
				CLANG_WARN_BOOL_CONVERSION = YES;
				CLANG_WARN_COMMA = YES;
				CLANG_WARN_CONSTANT_CONVERSION = YES;
				CLANG_WARN_DEPRECATED_OBJC_IMPLEMENTATIONS = YES;
				CLANG_WARN_DIRECT_OBJC_ISA_USAGE = YES_ERROR;
				CLANG_WARN_DOCUMENTATION_COMMENTS = YES;
				CLANG_WARN_EMPTY_BODY = YES;
				CLANG_WARN_ENUM_CONVERSION = YES;
				CLANG_WARN_INFINITE_RECURSION = YES;
				CLANG_WARN_INT_CONVERSION = YES;
				CLANG_WARN_NON_LITERAL_NULL_CONVERSION = YES;
				CLANG_WARN_OBJC_IMPLICIT_RETAIN_SELF = YES;
				CLANG_WARN_OBJC_LITERAL_CONVERSION = YES;
				CLANG_WARN_OBJC_ROOT_CLASS = YES_ERROR;
				CLANG_WARN_RANGE_LOOP_ANALYSIS = YES;
				CLANG_WARN_STRICT_PROTOTYPES = YES;
				CLANG_WARN_SUSPICIOUS_MOVE = YES;
				CLANG_WARN_UNGUARDED_AVAILABILITY = YES_AGGRESSIVE;
				CLANG_WARN_UNREACHABLE_CODE = YES;
				CLANG_WARN__DUPLICATE_METHOD_MATCH = YES;
				COPY_PHASE_STRIP = NO;
				DEBUG_INFORMATION_FORMAT = "dwarf-with-dsym";
				ENABLE_NS_ASSERTIONS = NO;
				ENABLE_STRICT_OBJC_MSGSEND = YES;
				GCC_C_LANGUAGE_STANDARD = gnu11;
				GCC_NO_COMMON_BLOCKS = YES;
				GCC_WARN_64_TO_32_BIT_CONVERSION = YES;
				GCC_WARN_ABOUT_RETURN_TYPE = YES_ERROR;
				GCC_WARN_UNDECLARED_SELECTOR = YES;
				GCC_WARN_UNINITIALIZED_AUTOS = YES_AGGRESSIVE;
				GCC_WARN_UNUSED_FUNCTION = YES;
				GCC_WARN_UNUSED_VARIABLE = YES;
				IPHONEOS_DEPLOYMENT_TARGET = 13.5;
				MTL_ENABLE_DEBUG_INFO = NO;
				MTL_FAST_MATH = YES;
				SDKROOT = iphoneos;
				SWIFT_COMPILATION_MODE = wholemodule;
				SWIFT_OPTIMIZATION_LEVEL = "-O";
				VALIDATE_PRODUCT = YES;
			};
			name = Release;
		};
		5CDE6C1824BCA35C00466C6F /* Debug */ = {
			isa = XCBuildConfiguration;
			buildSettings = {
				ASSETCATALOG_COMPILER_APPICON_NAME = AppIcon;
				CODE_SIGN_STYLE = Automatic;
				INFOPLIST_FILE = "To Do List Project/Info.plist";
				LD_RUNPATH_SEARCH_PATHS = (
					"$(inherited)",
					"@executable_path/Frameworks",
				);
				PRODUCT_BUNDLE_IDENTIFIER = "KWK.To-Do-List-Project";
				PRODUCT_NAME = "$(TARGET_NAME)";
				SWIFT_VERSION = 5.0;
				TARGETED_DEVICE_FAMILY = "1,2";
			};
			name = Debug;
		};
		5CDE6C1924BCA35C00466C6F /* Release */ = {
			isa = XCBuildConfiguration;
			buildSettings = {
				ASSETCATALOG_COMPILER_APPICON_NAME = AppIcon;
				CODE_SIGN_STYLE = Automatic;
				INFOPLIST_FILE = "To Do List Project/Info.plist";
				LD_RUNPATH_SEARCH_PATHS = (
					"$(inherited)",
					"@executable_path/Frameworks",
				);
				PRODUCT_BUNDLE_IDENTIFIER = "KWK.To-Do-List-Project";
				PRODUCT_NAME = "$(TARGET_NAME)";
				SWIFT_VERSION = 5.0;
				TARGETED_DEVICE_FAMILY = "1,2";
			};
			name = Release;
		};
/* End XCBuildConfiguration section */

/* Begin XCConfigurationList section */
		5CDE6BFB24BCA35900466C6F /* Build configuration list for PBXProject "To Do List Project" */ = {
			isa = XCConfigurationList;
			buildConfigurations = (
				5CDE6C1524BCA35C00466C6F /* Debug */,
				5CDE6C1624BCA35C00466C6F /* Release */,
			);
			defaultConfigurationIsVisible = 0;
			defaultConfigurationName = Release;
		};
		5CDE6C1724BCA35C00466C6F /* Build configuration list for PBXNativeTarget "To Do List Project" */ = {
			isa = XCConfigurationList;
			buildConfigurations = (
				5CDE6C1824BCA35C00466C6F /* Debug */,
				5CDE6C1924BCA35C00466C6F /* Release */,
			);
			defaultConfigurationIsVisible = 0;
			defaultConfigurationName = Release;
		};
/* End XCConfigurationList section */

/* Begin XCVersionGroup section */
		5CDE6C0C24BCA35900466C6F /* To_Do_List_Project.xcdatamodeld */ = {
			isa = XCVersionGroup;
			children = (
				5CDE6C0D24BCA35900466C6F /* To_Do_List_Project.xcdatamodel */,
			);
			currentVersion = 5CDE6C0D24BCA35900466C6F /* To_Do_List_Project.xcdatamodel */;
			path = To_Do_List_Project.xcdatamodeld;
			sourceTree = "<group>";
			versionGroupType = wrapper.xcdatamodel;
		};
/* End XCVersionGroup section */
	};
	rootObject = 5CDE6BF824BCA35900466C6F /* Project object */;
}
